<?xml version="1.0" encoding="utf-8"?>
<Project ToolsVersion="4.0" xmlns="http://schemas.microsoft.com/developer/msbuild/2003">
  <ItemGroup>
    <Filter Include="소스 파일">
      <UniqueIdentifier>{4FC737F1-C7A5-4376-A066-2A32D752A2FF}</UniqueIdentifier>
      <Extensions>cpp;c;cc;cxx;def;odl;idl;hpj;bat;asm;asmx</Extensions>
    </Filter>
    <Filter Include="리소스 파일">
      <UniqueIdentifier>{67DA6AB6-F800-4c08-8B7A-83BB121AAD01}</UniqueIdentifier>
      <Extensions>rc;ico;cur;bmp;dlg;rc2;rct;bin;rgs;gif;jpg;jpeg;jpe;resx;tiff;tif;png;wav;mfcribbon-ms</Extensions>
    </Filter>
    <Filter Include="소스 파일\00.Main">
      <UniqueIdentifier>{74e8146e-bb9d-487a-b10b-41b29a5b8cea}</UniqueIdentifier>
    </Filter>
    <Filter Include="소스 파일\01.GameObject">
      <UniqueIdentifier>{4b39da53-ec1a-4110-a3f1-86dfd7dea71c}</UniqueIdentifier>
    </Filter>
    <Filter Include="소스 파일\02.MapObject">
      <UniqueIdentifier>{9095a2d7-75f2-481c-bb2d-6d890b4e3dbb}</UniqueIdentifier>
    </Filter>
    <Filter Include="소스 파일\099.Default">
      <UniqueIdentifier>{f3f2c64d-d1c4-4e7c-bdd6-c8425c9251c5}</UniqueIdentifier>
    </Filter>
    <Filter Include="소스 파일\098.Managers">
      <UniqueIdentifier>{05bebd5a-ec43-470a-aeaa-e7722ec91f38}</UniqueIdentifier>
    </Filter>
    <Filter Include="소스 파일\098.Managers\00.ScrollManager">
      <UniqueIdentifier>{cefa7b42-6665-44d3-952e-47857cdfbcde}</UniqueIdentifier>
    </Filter>
    <Filter Include="소스 파일\098.Managers\01.ColliderManager">
      <UniqueIdentifier>{b3acad52-3026-46c5-9598-396ed06f9cde}</UniqueIdentifier>
    </Filter>
    <Filter Include="소스 파일\098.Managers\02.TimeManager">
      <UniqueIdentifier>{a30523be-0d43-4576-9e58-5a08e2f24eb9}</UniqueIdentifier>
    </Filter>
    <Filter Include="소스 파일\01.GameObject\00.GameObjectManager">
      <UniqueIdentifier>{9b9566b0-ddbe-4784-ac0b-22089b84594c}</UniqueIdentifier>
    </Filter>
    <Filter Include="소스 파일\01.GameObject\01.Player">
      <UniqueIdentifier>{6c2fbbf3-3911-490c-85e4-08cd168bcbe8}</UniqueIdentifier>
    </Filter>
    <Filter Include="소스 파일\02.MapObject\00.MapObjectManager">
      <UniqueIdentifier>{3b2d90f8-05aa-4a8d-a01e-e8930bf61c8f}</UniqueIdentifier>
    </Filter>
    <Filter Include="소스 파일\03.Graphic_Device">
      <UniqueIdentifier>{73ec1c3d-07c9-46b9-afb4-e293f92f0fa0}</UniqueIdentifier>
    </Filter>
    <Filter Include="소스 파일\04.Texture">
      <UniqueIdentifier>{9fc9c2c9-4442-4f49-824d-4639af7c2c4b}</UniqueIdentifier>
    </Filter>
    <Filter Include="소스 파일\04.Texture\00.Texture_Manager">
      <UniqueIdentifier>{bdb721b7-143e-42c6-97fe-3c73c5a69289}</UniqueIdentifier>
    </Filter>
    <Filter Include="소스 파일\04.Texture\01.Multi_Texture">
      <UniqueIdentifier>{3d657e97-26ed-4303-8fe1-be2b9f7ccbd7}</UniqueIdentifier>
    </Filter>
    <Filter Include="소스 파일\098.Managers\03.SaveLoadManager">
      <UniqueIdentifier>{abda36ca-3443-4a7f-8cca-5287d374c888}</UniqueIdentifier>
    </Filter>
    <Filter Include="소스 파일\098.Managers\04.FrameManager">
      <UniqueIdentifier>{59f33316-13b3-48cc-8192-f44c606eb8f2}</UniqueIdentifier>
    </Filter>
    <Filter Include="소스 파일\01.GameObject\02.Effect">
      <UniqueIdentifier>{95a831c6-affb-47fe-a216-2bcfbd9cc763}</UniqueIdentifier>
    </Filter>
    <Filter Include="소스 파일\01.GameObject\03.Enemy">
      <UniqueIdentifier>{838d3f72-5a8f-4ee3-bf81-f6047c2e35cb}</UniqueIdentifier>
    </Filter>
    <Filter Include="소스 파일\01.GameObject\03.Enemy\00.Gangster">
      <UniqueIdentifier>{10fe3c58-eccc-454e-8a28-f37440d1d4a9}</UniqueIdentifier>
    </Filter>
    <Filter Include="소스 파일\01.GameObject\04.Projectile">
      <UniqueIdentifier>{9329ba80-427b-459b-b4f7-8c8998c78c4f}</UniqueIdentifier>
    </Filter>
    <Filter Include="소스 파일\01.GameObject\04.Projectile\00.Bullet">
      <UniqueIdentifier>{304e8132-2937-4bc0-8a02-7e5b6056e3cb}</UniqueIdentifier>
    </Filter>
    <Filter Include="소스 파일\01.GameObject\02.Effect\00.PlayerAttack">
      <UniqueIdentifier>{2178bd36-23ce-4bf6-8d9d-56865c7b0154}</UniqueIdentifier>
    </Filter>
  </ItemGroup>
  <ItemGroup>
    <ClInclude Include="stdafx.h">
      <Filter>소스 파일\099.Default</Filter>
    </ClInclude>
    <ClInclude Include="Katana_Zero.h">
      <Filter>소스 파일\099.Default</Filter>
    </ClInclude>
    <ClInclude Include="targetver.h">
      <Filter>소스 파일\099.Default</Filter>
    </ClInclude>
    <ClInclude Include="Resource.h">
      <Filter>소스 파일\099.Default</Filter>
    </ClInclude>
    <ClInclude Include="Main.h">
      <Filter>소스 파일\00.Main</Filter>
    </ClInclude>
    <ClInclude Include="GameObject.h">
      <Filter>소스 파일\01.GameObject</Filter>
    </ClInclude>
    <ClInclude Include="Player.h">
      <Filter>소스 파일\01.GameObject\01.Player</Filter>
    </ClInclude>
    <ClInclude Include="GameObjectManager.h">
      <Filter>소스 파일\01.GameObject\00.GameObjectManager</Filter>
    </ClInclude>
    <ClInclude Include="MapObject.h">
      <Filter>소스 파일\02.MapObject</Filter>
    </ClInclude>
    <ClInclude Include="Texture.h">
      <Filter>소스 파일\04.Texture</Filter>
    </ClInclude>
    <ClInclude Include="Texture_Manager.h">
      <Filter>소스 파일\04.Texture\00.Texture_Manager</Filter>
    </ClInclude>
    <ClInclude Include="Multi_Texture.h">
      <Filter>소스 파일\04.Texture\01.Multi_Texture</Filter>
    </ClInclude>
    <ClInclude Include="Graphic_Device.h">
      <Filter>소스 파일\03.Graphic_Device</Filter>
    </ClInclude>
    <ClInclude Include="MapObjectManager.h">
      <Filter>소스 파일\02.MapObject\00.MapObjectManager</Filter>
    </ClInclude>
    <ClInclude Include="SaveLoadManager.h">
      <Filter>소스 파일\098.Managers\03.SaveLoadManager</Filter>
    </ClInclude>
    <ClInclude Include="TimeManager.h">
      <Filter>소스 파일\098.Managers\02.TimeManager</Filter>
    </ClInclude>
    <ClInclude Include="FrameManager.h">
      <Filter>소스 파일\098.Managers\04.FrameManager</Filter>
    </ClInclude>
    <ClInclude Include="ColliderManager.h">
      <Filter>소스 파일\098.Managers\01.ColliderManager</Filter>
    </ClInclude>
    <ClInclude Include="Effect.h">
      <Filter>소스 파일\01.GameObject\02.Effect</Filter>
    </ClInclude>
    <ClInclude Include="Gangster.h">
      <Filter>소스 파일\01.GameObject\03.Enemy\00.Gangster</Filter>
    </ClInclude>
    <ClInclude Include="Bullet.h">
      <Filter>소스 파일\01.GameObject\04.Projectile\00.Bullet</Filter>
    </ClInclude>
    <ClInclude Include="PlayerAttack.h">
      <Filter>소스 파일\01.GameObject\02.Effect\00.PlayerAttack</Filter>
    </ClInclude>
    <ClInclude Include="GangsterArm.h">
      <Filter>소스 파일\01.GameObject\03.Enemy\00.Gangster</Filter>
    </ClInclude>
    <ClInclude Include="Enemy.h">
      <Filter>소스 파일\01.GameObject\03.Enemy</Filter>
    </ClInclude>
  </ItemGroup>
  <ItemGroup>
    <ClCompile Include="stdafx.cpp">
      <Filter>소스 파일\099.Default</Filter>
    </ClCompile>
    <ClCompile Include="Katana_Zero.cpp">
      <Filter>소스 파일\099.Default</Filter>
    </ClCompile>
    <ClCompile Include="Main.cpp">
      <Filter>소스 파일\00.Main</Filter>
    </ClCompile>
    <ClCompile Include="GameObject.cpp">
      <Filter>소스 파일\01.GameObject</Filter>
    </ClCompile>
    <ClCompile Include="Player.cpp">
      <Filter>소스 파일\01.GameObject\01.Player</Filter>
    </ClCompile>
    <ClCompile Include="GameObjectManager.cpp">
      <Filter>소스 파일\01.GameObject\00.GameObjectManager</Filter>
    </ClCompile>
    <ClCompile Include="MapObject.cpp">
      <Filter>소스 파일\02.MapObject</Filter>
    </ClCompile>
    <ClCompile Include="Texture.cpp">
      <Filter>소스 파일\04.Texture</Filter>
    </ClCompile>
    <ClCompile Include="Texture_Manager.cpp">
      <Filter>소스 파일\04.Texture\00.Texture_Manager</Filter>
    </ClCompile>
    <ClCompile Include="Multi_Texture.cpp">
      <Filter>소스 파일\04.Texture\01.Multi_Texture</Filter>
    </ClCompile>
    <ClCompile Include="Graphic_Device.cpp">
      <Filter>소스 파일\03.Graphic_Device</Filter>
    </ClCompile>
    <ClCompile Include="MapObjectManager.cpp">
      <Filter>소스 파일\02.MapObject\00.MapObjectManager</Filter>
    </ClCompile>
    <ClCompile Include="SaveLoadManager.cpp">
      <Filter>소스 파일\098.Managers\03.SaveLoadManager</Filter>
    </ClCompile>
    <ClCompile Include="TimeManager.cpp">
      <Filter>소스 파일\098.Managers\02.TimeManager</Filter>
    </ClCompile>
    <ClCompile Include="FrameManager.cpp">
      <Filter>소스 파일\098.Managers\04.FrameManager</Filter>
    </ClCompile>
    <ClCompile Include="ColliderManager.cpp">
      <Filter>소스 파일\098.Managers\01.ColliderManager</Filter>
    </ClCompile>
    <ClCompile Include="Effect.cpp">
      <Filter>소스 파일\01.GameObject\02.Effect</Filter>
    </ClCompile>
    <ClCompile Include="Gangster.cpp">
      <Filter>소스 파일\01.GameObject\03.Enemy\00.Gangster</Filter>
    </ClCompile>
    <ClCompile Include="Bullet.cpp">
      <Filter>소스 파일\01.GameObject\04.Projectile\00.Bullet</Filter>
    </ClCompile>
    <ClCompile Include="Enemy.cpp">
      <Filter>소스 파일\01.GameObject\03.Enemy</Filter>
    </ClCompile>
    <ClCompile Include="PlayerAttack.cpp">
      <Filter>소스 파일\01.GameObject\02.Effect\00.PlayerAttack</Filter>
    </ClCompile>
    <ClCompile Include="GangsterArm.cpp">
      <Filter>소스 파일\01.GameObject\03.Enemy\00.Gangster</Filter>
    </ClCompile>
  </ItemGroup>
  <ItemGroup>
    <ResourceCompile Include="Katana_Zero.rc">
      <Filter>리소스 파일</Filter>
    </ResourceCompile>
  </ItemGroup>
  <ItemGroup>
    <Image Include="small.ico">
      <Filter>리소스 파일</Filter>
    </Image>
    <Image Include="Katana_Zero.ico">
      <Filter>리소스 파일</Filter>
    </Image>
  </ItemGroup>
  <ItemGroup>
    <Text Include="ReadMe.txt">
      <Filter>소스 파일\099.Default</Filter>
    </Text>
  </ItemGroup>
</Project>