<?xml version="1.0" encoding="utf-8"?>
<Project ToolsVersion="4.0" xmlns="http://schemas.microsoft.com/developer/msbuild/2003">
  <ItemGroup>
    <Filter Include="소스 파일">
      <UniqueIdentifier>{4FC737F1-C7A5-4376-A066-2A32D752A2FF}</UniqueIdentifier>
      <Extensions>cpp;c;cc;cxx;def;odl;idl;hpj;bat;asm;asmx</Extensions>
    </Filter>
    <Filter Include="리소스 파일">
      <UniqueIdentifier>{67DA6AB6-F800-4c08-8B7A-83BB121AAD01}</UniqueIdentifier>
      <Extensions>rc;ico;cur;bmp;dlg;rc2;rct;bin;rgs;gif;jpg;jpeg;jpe;resx;tiff;tif;png;wav;mfcribbon-ms</Extensions>
    </Filter>
    <Filter Include="소스 파일\00.Main">
      <UniqueIdentifier>{74e8146e-bb9d-487a-b10b-41b29a5b8cea}</UniqueIdentifier>
    </Filter>
    <Filter Include="소스 파일\01.GameObject">
      <UniqueIdentifier>{4b39da53-ec1a-4110-a3f1-86dfd7dea71c}</UniqueIdentifier>
    </Filter>
    <Filter Include="소스 파일\02.MapObject">
      <UniqueIdentifier>{9095a2d7-75f2-481c-bb2d-6d890b4e3dbb}</UniqueIdentifier>
    </Filter>
    <Filter Include="소스 파일\099.Default">
      <UniqueIdentifier>{f3f2c64d-d1c4-4e7c-bdd6-c8425c9251c5}</UniqueIdentifier>
    </Filter>
    <Filter Include="소스 파일\098.Managers">
      <UniqueIdentifier>{05bebd5a-ec43-470a-aeaa-e7722ec91f38}</UniqueIdentifier>
    </Filter>
    <Filter Include="소스 파일\098.Managers\00.ScrollManager">
      <UniqueIdentifier>{cefa7b42-6665-44d3-952e-47857cdfbcde}</UniqueIdentifier>
    </Filter>
    <Filter Include="소스 파일\098.Managers\01.ColliderManager">
      <UniqueIdentifier>{b3acad52-3026-46c5-9598-396ed06f9cde}</UniqueIdentifier>
    </Filter>
    <Filter Include="소스 파일\098.Managers\02.TimeManager">
      <UniqueIdentifier>{a30523be-0d43-4576-9e58-5a08e2f24eb9}</UniqueIdentifier>
    </Filter>
    <Filter Include="소스 파일\01.GameObject\00.GameObjectManager">
      <UniqueIdentifier>{9b9566b0-ddbe-4784-ac0b-22089b84594c}</UniqueIdentifier>
    </Filter>
    <Filter Include="소스 파일\01.GameObject\01.Player">
      <UniqueIdentifier>{6c2fbbf3-3911-490c-85e4-08cd168bcbe8}</UniqueIdentifier>
    </Filter>
    <Filter Include="소스 파일\02.MapObject\00.MapObjectManager">
      <UniqueIdentifier>{3b2d90f8-05aa-4a8d-a01e-e8930bf61c8f}</UniqueIdentifier>
    </Filter>
    <Filter Include="소스 파일\03.Graphic_Device">
      <UniqueIdentifier>{73ec1c3d-07c9-46b9-afb4-e293f92f0fa0}</UniqueIdentifier>
    </Filter>
    <Filter Include="소스 파일\04.Texture">
      <UniqueIdentifier>{9fc9c2c9-4442-4f49-824d-4639af7c2c4b}</UniqueIdentifier>
    </Filter>
    <Filter Include="소스 파일\04.Texture\00.Texture_Manager">
      <UniqueIdentifier>{bdb721b7-143e-42c6-97fe-3c73c5a69289}</UniqueIdentifier>
    </Filter>
    <Filter Include="소스 파일\04.Texture\01.Multi_Texture">
      <UniqueIdentifier>{3d657e97-26ed-4303-8fe1-be2b9f7ccbd7}</UniqueIdentifier>
    </Filter>
    <Filter Include="소스 파일\098.Managers\03.SaveLoadManager">
      <UniqueIdentifier>{abda36ca-3443-4a7f-8cca-5287d374c888}</UniqueIdentifier>
    </Filter>
    <Filter Include="소스 파일\098.Managers\04.FrameManager">
      <UniqueIdentifier>{59f33316-13b3-48cc-8192-f44c606eb8f2}</UniqueIdentifier>
    </Filter>
    <Filter Include="소스 파일\01.GameObject\02.Effect">
      <UniqueIdentifier>{95a831c6-affb-47fe-a216-2bcfbd9cc763}</UniqueIdentifier>
    </Filter>
    <Filter Include="소스 파일\01.GameObject\03.Enemy">
      <UniqueIdentifier>{838d3f72-5a8f-4ee3-bf81-f6047c2e35cb}</UniqueIdentifier>
    </Filter>
    <Filter Include="소스 파일\01.GameObject\03.Enemy\00.Gangster">
      <UniqueIdentifier>{10fe3c58-eccc-454e-8a28-f37440d1d4a9}</UniqueIdentifier>
    </Filter>
    <Filter Include="소스 파일\01.GameObject\04.Projectile">
      <UniqueIdentifier>{9329ba80-427b-459b-b4f7-8c8998c78c4f}</UniqueIdentifier>
    </Filter>
    <Filter Include="소스 파일\01.GameObject\02.Effect\00.PlayerAttack">
      <UniqueIdentifier>{2178bd36-23ce-4bf6-8d9d-56865c7b0154}</UniqueIdentifier>
    </Filter>
    <Filter Include="소스 파일\098.Managers\05.SceneManager">
      <UniqueIdentifier>{b131b961-2a7a-46d4-91b6-f9a20082d669}</UniqueIdentifier>
    </Filter>
    <Filter Include="소스 파일\098.Managers\05.SceneManager\00.Loding">
      <UniqueIdentifier>{52e92530-6320-466e-b39e-b4652910f4d4}</UniqueIdentifier>
    </Filter>
    <Filter Include="소스 파일\098.Managers\05.SceneManager\01.Main">
      <UniqueIdentifier>{87533851-0d76-4157-aec3-810dcd77e759}</UniqueIdentifier>
    </Filter>
    <Filter Include="소스 파일\098.Managers\05.SceneManager\02.Stage">
      <UniqueIdentifier>{2dd4e4fb-4ae0-4a94-8a22-115fe3aea183}</UniqueIdentifier>
    </Filter>
    <Filter Include="소스 파일\098.Managers\05.SceneManager\02.Stage\00.Stage1">
      <UniqueIdentifier>{3f8ea615-dfdc-4f68-8191-cb2ec761cb65}</UniqueIdentifier>
    </Filter>
    <Filter Include="소스 파일\098.Managers\05.SceneManager\02.Stage\01.Stage2">
      <UniqueIdentifier>{e4f3baa2-0e1c-498b-96ee-1a0f3048d165}</UniqueIdentifier>
    </Filter>
    <Filter Include="소스 파일\098.Managers\05.SceneManager\02.Stage\02.Stage3">
      <UniqueIdentifier>{275ecc15-ac5d-4a39-bba1-347f4d3e9359}</UniqueIdentifier>
    </Filter>
    <Filter Include="소스 파일\098.Managers\05.SceneManager\02.Stage\03.Stage4">
      <UniqueIdentifier>{d6327849-f59a-4399-a639-d8f24061113c}</UniqueIdentifier>
    </Filter>
    <Filter Include="소스 파일\098.Managers\05.SceneManager\02.Stage\04.Stage5">
      <UniqueIdentifier>{2ca6bdab-ca2c-43c6-84b7-b3a60357910e}</UniqueIdentifier>
    </Filter>
    <Filter Include="소스 파일\01.GameObject\04.Projectile\01.Knife">
      <UniqueIdentifier>{13d01a9a-65b9-455e-82a0-aeafccfce887}</UniqueIdentifier>
    </Filter>
    <Filter Include="소스 파일\01.GameObject\04.Projectile\02.Smoke">
      <UniqueIdentifier>{677c034c-3cca-42b8-a17e-c0cdab19fc5b}</UniqueIdentifier>
    </Filter>
    <Filter Include="소스 파일\01.GameObject\04.Projectile\03.Explosive">
      <UniqueIdentifier>{a79d88d7-03bf-4a2c-a04d-f9c2f7a61e38}</UniqueIdentifier>
    </Filter>
    <Filter Include="소스 파일\01.GameObject\04.Projectile\00.Bullet">
      <UniqueIdentifier>{304e8132-2937-4bc0-8a02-7e5b6056e3cb}</UniqueIdentifier>
    </Filter>
    <Filter Include="소스 파일\01.GameObject\02.Effect\01.HitEffect">
      <UniqueIdentifier>{7dce82fc-6541-4f71-a351-936f5ac7850f}</UniqueIdentifier>
    </Filter>
    <Filter Include="소스 파일\01.GameObject\03.Enemy\03.Boss">
      <UniqueIdentifier>{f410ad3b-4bd8-4b30-a9f0-c101a8346ca9}</UniqueIdentifier>
    </Filter>
    <Filter Include="소스 파일\01.GameObject\04.Projectile\04.Laser">
      <UniqueIdentifier>{58a8562d-c42e-4dfc-9ad9-c94f44923bd6}</UniqueIdentifier>
    </Filter>
    <Filter Include="소스 파일\01.GameObject\04.Projectile\05.Granade">
      <UniqueIdentifier>{e5a38617-b164-4f5c-99c2-ed2f0ab46bd5}</UniqueIdentifier>
    </Filter>
    <Filter Include="소스 파일\01.GameObject\02.Effect\02.Explosion">
      <UniqueIdentifier>{e4c89579-84ad-4435-857b-38195c405f12}</UniqueIdentifier>
    </Filter>
    <Filter Include="소스 파일\01.GameObject\05.UI">
      <UniqueIdentifier>{580a8867-3ff4-4ec9-a1ab-1082ee0d64e7}</UniqueIdentifier>
    </Filter>
    <Filter Include="소스 파일\097.sound">
      <UniqueIdentifier>{8c225509-b1bf-4efa-812e-6dfb2c7b5c82}</UniqueIdentifier>
    </Filter>
  </ItemGroup>
  <ItemGroup>
    <ClInclude Include="stdafx.h">
      <Filter>소스 파일\099.Default</Filter>
    </ClInclude>
    <ClInclude Include="Katana_Zero.h">
      <Filter>소스 파일\099.Default</Filter>
    </ClInclude>
    <ClInclude Include="targetver.h">
      <Filter>소스 파일\099.Default</Filter>
    </ClInclude>
    <ClInclude Include="Resource.h">
      <Filter>소스 파일\099.Default</Filter>
    </ClInclude>
    <ClInclude Include="Main.h">
      <Filter>소스 파일\00.Main</Filter>
    </ClInclude>
    <ClInclude Include="Player.h">
      <Filter>소스 파일\01.GameObject\01.Player</Filter>
    </ClInclude>
    <ClInclude Include="GameObjectManager.h">
      <Filter>소스 파일\01.GameObject\00.GameObjectManager</Filter>
    </ClInclude>
    <ClInclude Include="MapObject.h">
      <Filter>소스 파일\02.MapObject</Filter>
    </ClInclude>
    <ClInclude Include="Texture.h">
      <Filter>소스 파일\04.Texture</Filter>
    </ClInclude>
    <ClInclude Include="Texture_Manager.h">
      <Filter>소스 파일\04.Texture\00.Texture_Manager</Filter>
    </ClInclude>
    <ClInclude Include="Multi_Texture.h">
      <Filter>소스 파일\04.Texture\01.Multi_Texture</Filter>
    </ClInclude>
    <ClInclude Include="Graphic_Device.h">
      <Filter>소스 파일\03.Graphic_Device</Filter>
    </ClInclude>
    <ClInclude Include="MapObjectManager.h">
      <Filter>소스 파일\02.MapObject\00.MapObjectManager</Filter>
    </ClInclude>
    <ClInclude Include="SaveLoadManager.h">
      <Filter>소스 파일\098.Managers\03.SaveLoadManager</Filter>
    </ClInclude>
    <ClInclude Include="TimeManager.h">
      <Filter>소스 파일\098.Managers\02.TimeManager</Filter>
    </ClInclude>
    <ClInclude Include="FrameManager.h">
      <Filter>소스 파일\098.Managers\04.FrameManager</Filter>
    </ClInclude>
    <ClInclude Include="ColliderManager.h">
      <Filter>소스 파일\098.Managers\01.ColliderManager</Filter>
    </ClInclude>
    <ClInclude Include="Effect.h">
      <Filter>소스 파일\01.GameObject\02.Effect</Filter>
    </ClInclude>
    <ClInclude Include="Gangster.h">
      <Filter>소스 파일\01.GameObject\03.Enemy\00.Gangster</Filter>
    </ClInclude>
    <ClInclude Include="Bullet.h">
      <Filter>소스 파일\01.GameObject\04.Projectile\00.Bullet</Filter>
    </ClInclude>
    <ClInclude Include="GangsterArm.h">
      <Filter>소스 파일\01.GameObject\03.Enemy\00.Gangster</Filter>
    </ClInclude>
    <ClInclude Include="Enemy.h">
      <Filter>소스 파일\01.GameObject\03.Enemy</Filter>
    </ClInclude>
    <ClInclude Include="ScrollManager.h">
      <Filter>소스 파일\098.Managers\00.ScrollManager</Filter>
    </ClInclude>
    <ClInclude Include="Scene.h">
      <Filter>소스 파일\098.Managers\05.SceneManager</Filter>
    </ClInclude>
    <ClInclude Include="Stage1.h">
      <Filter>소스 파일\098.Managers\05.SceneManager\02.Stage\00.Stage1</Filter>
    </ClInclude>
    <ClInclude Include="Stage2.h">
      <Filter>소스 파일\098.Managers\05.SceneManager\02.Stage\01.Stage2</Filter>
    </ClInclude>
    <ClInclude Include="Stage3.h">
      <Filter>소스 파일\098.Managers\05.SceneManager\02.Stage\02.Stage3</Filter>
    </ClInclude>
    <ClInclude Include="Stage4.h">
      <Filter>소스 파일\098.Managers\05.SceneManager\02.Stage\03.Stage4</Filter>
    </ClInclude>
    <ClInclude Include="Stage5.h">
      <Filter>소스 파일\098.Managers\05.SceneManager\02.Stage\04.Stage5</Filter>
    </ClInclude>
    <ClInclude Include="ButcherKnife.h">
      <Filter>소스 파일\01.GameObject\04.Projectile\01.Knife</Filter>
    </ClInclude>
    <ClInclude Include="Explosive.h">
      <Filter>소스 파일\01.GameObject\04.Projectile\03.Explosive</Filter>
    </ClInclude>
    <ClInclude Include="Smoke.h">
      <Filter>소스 파일\01.GameObject\04.Projectile\02.Smoke</Filter>
    </ClInclude>
    <ClInclude Include="PlayerAttack.h">
      <Filter>소스 파일\01.GameObject\02.Effect\00.PlayerAttack</Filter>
    </ClInclude>
    <ClInclude Include="HitEffect.h">
      <Filter>소스 파일\01.GameObject\02.Effect\01.HitEffect</Filter>
    </ClInclude>
    <ClInclude Include="Boss.h">
      <Filter>소스 파일\01.GameObject\03.Enemy\03.Boss</Filter>
    </ClInclude>
    <ClInclude Include="GameObject.h">
      <Filter>소스 파일\01.GameObject</Filter>
    </ClInclude>
    <ClInclude Include="Granade.h">
      <Filter>소스 파일\01.GameObject\04.Projectile\05.Granade</Filter>
    </ClInclude>
    <ClInclude Include="Laser.h">
      <Filter>소스 파일\01.GameObject\04.Projectile\04.Laser</Filter>
    </ClInclude>
    <ClInclude Include="SceneManager.h">
      <Filter>소스 파일\098.Managers\05.SceneManager</Filter>
    </ClInclude>
    <ClInclude Include="Explosion.h">
      <Filter>소스 파일\01.GameObject\02.Effect\02.Explosion</Filter>
    </ClInclude>
    <ClInclude Include="UI.h">
      <Filter>소스 파일\01.GameObject\05.UI</Filter>
    </ClInclude>
    <ClInclude Include="SoundMgr.h">
      <Filter>소스 파일\097.sound</Filter>
    </ClInclude>
  </ItemGroup>
  <ItemGroup>
    <ClCompile Include="stdafx.cpp">
      <Filter>소스 파일\099.Default</Filter>
    </ClCompile>
    <ClCompile Include="Katana_Zero.cpp">
      <Filter>소스 파일\099.Default</Filter>
    </ClCompile>
    <ClCompile Include="Main.cpp">
      <Filter>소스 파일\00.Main</Filter>
    </ClCompile>
    <ClCompile Include="Player.cpp">
      <Filter>소스 파일\01.GameObject\01.Player</Filter>
    </ClCompile>
    <ClCompile Include="GameObjectManager.cpp">
      <Filter>소스 파일\01.GameObject\00.GameObjectManager</Filter>
    </ClCompile>
    <ClCompile Include="MapObject.cpp">
      <Filter>소스 파일\02.MapObject</Filter>
    </ClCompile>
    <ClCompile Include="Texture.cpp">
      <Filter>소스 파일\04.Texture</Filter>
    </ClCompile>
    <ClCompile Include="Texture_Manager.cpp">
      <Filter>소스 파일\04.Texture\00.Texture_Manager</Filter>
    </ClCompile>
    <ClCompile Include="Multi_Texture.cpp">
      <Filter>소스 파일\04.Texture\01.Multi_Texture</Filter>
    </ClCompile>
    <ClCompile Include="Graphic_Device.cpp">
      <Filter>소스 파일\03.Graphic_Device</Filter>
    </ClCompile>
    <ClCompile Include="MapObjectManager.cpp">
      <Filter>소스 파일\02.MapObject\00.MapObjectManager</Filter>
    </ClCompile>
    <ClCompile Include="SaveLoadManager.cpp">
      <Filter>소스 파일\098.Managers\03.SaveLoadManager</Filter>
    </ClCompile>
    <ClCompile Include="TimeManager.cpp">
      <Filter>소스 파일\098.Managers\02.TimeManager</Filter>
    </ClCompile>
    <ClCompile Include="FrameManager.cpp">
      <Filter>소스 파일\098.Managers\04.FrameManager</Filter>
    </ClCompile>
    <ClCompile Include="ColliderManager.cpp">
      <Filter>소스 파일\098.Managers\01.ColliderManager</Filter>
    </ClCompile>
    <ClCompile Include="Gangster.cpp">
      <Filter>소스 파일\01.GameObject\03.Enemy\00.Gangster</Filter>
    </ClCompile>
    <ClCompile Include="Bullet.cpp">
      <Filter>소스 파일\01.GameObject\04.Projectile\00.Bullet</Filter>
    </ClCompile>
    <ClCompile Include="PlayerAttack.cpp">
      <Filter>소스 파일\01.GameObject\02.Effect\00.PlayerAttack</Filter>
    </ClCompile>
    <ClCompile Include="GangsterArm.cpp">
      <Filter>소스 파일\01.GameObject\03.Enemy\00.Gangster</Filter>
    </ClCompile>
    <ClCompile Include="ScrollManager.cpp">
      <Filter>소스 파일\098.Managers\00.ScrollManager</Filter>
    </ClCompile>
    <ClCompile Include="Enemy.cpp">
      <Filter>소스 파일\01.GameObject\03.Enemy</Filter>
    </ClCompile>
    <ClCompile Include="Scene.cpp">
      <Filter>소스 파일\098.Managers\05.SceneManager</Filter>
    </ClCompile>
    <ClCompile Include="SceneManager.cpp">
      <Filter>소스 파일\098.Managers\05.SceneManager</Filter>
    </ClCompile>
    <ClCompile Include="Stage1.cpp">
      <Filter>소스 파일\098.Managers\05.SceneManager\02.Stage\00.Stage1</Filter>
    </ClCompile>
    <ClCompile Include="Stage2.cpp">
      <Filter>소스 파일\098.Managers\05.SceneManager\02.Stage\01.Stage2</Filter>
    </ClCompile>
    <ClCompile Include="Stage3.cpp">
      <Filter>소스 파일\098.Managers\05.SceneManager\02.Stage\02.Stage3</Filter>
    </ClCompile>
    <ClCompile Include="Stage4.cpp">
      <Filter>소스 파일\098.Managers\05.SceneManager\02.Stage\03.Stage4</Filter>
    </ClCompile>
    <ClCompile Include="Stage5.cpp">
      <Filter>소스 파일\098.Managers\05.SceneManager\02.Stage\04.Stage5</Filter>
    </ClCompile>
    <ClCompile Include="ButcherKnife.cpp">
      <Filter>소스 파일\01.GameObject\04.Projectile\01.Knife</Filter>
    </ClCompile>
    <ClCompile Include="Explosive.cpp">
      <Filter>소스 파일\01.GameObject\04.Projectile\03.Explosive</Filter>
    </ClCompile>
    <ClCompile Include="Smoke.cpp">
      <Filter>소스 파일\01.GameObject\04.Projectile\02.Smoke</Filter>
    </ClCompile>
    <ClCompile Include="Effect.cpp">
      <Filter>소스 파일\01.GameObject\02.Effect</Filter>
    </ClCompile>
    <ClCompile Include="HitEffect.cpp">
      <Filter>소스 파일\01.GameObject\02.Effect\01.HitEffect</Filter>
    </ClCompile>
    <ClCompile Include="Boss.cpp">
      <Filter>소스 파일\01.GameObject\03.Enemy\03.Boss</Filter>
    </ClCompile>
    <ClCompile Include="GameObject.cpp">
      <Filter>소스 파일\01.GameObject</Filter>
    </ClCompile>
    <ClCompile Include="Laser.cpp">
      <Filter>소스 파일\01.GameObject\04.Projectile\04.Laser</Filter>
    </ClCompile>
    <ClCompile Include="Granade.cpp">
      <Filter>소스 파일\01.GameObject\04.Projectile\05.Granade</Filter>
    </ClCompile>
    <ClCompile Include="Explosion.cpp">
      <Filter>소스 파일\01.GameObject\02.Effect\02.Explosion</Filter>
    </ClCompile>
    <ClCompile Include="UI.cpp">
      <Filter>소스 파일\01.GameObject\05.UI</Filter>
    </ClCompile>
    <ClCompile Include="SoundMgr.cpp">
      <Filter>소스 파일\097.sound</Filter>
    </ClCompile>
  </ItemGroup>
  <ItemGroup>
    <ResourceCompile Include="Katana_Zero.rc">
      <Filter>리소스 파일</Filter>
    </ResourceCompile>
  </ItemGroup>
  <ItemGroup>
    <Image Include="small.ico">
      <Filter>리소스 파일</Filter>
    </Image>
    <Image Include="Katana_Zero.ico">
      <Filter>리소스 파일</Filter>
    </Image>
  </ItemGroup>
  <ItemGroup>
    <Text Include="ReadMe.txt">
      <Filter>소스 파일\099.Default</Filter>
    </Text>
  </ItemGroup>
</Project>