<?xml version="1.0" encoding="utf-8"?>
<Project ToolsVersion="4.0" xmlns="http://schemas.microsoft.com/developer/msbuild/2003">
  <ItemGroup>
    <Filter Include="소스 파일">
      <UniqueIdentifier>{4FC737F1-C7A5-4376-A066-2A32D752A2FF}</UniqueIdentifier>
      <Extensions>cpp;c;cc;cxx;def;odl;idl;hpj;bat;asm;asmx</Extensions>
    </Filter>
    <Filter Include="리소스 파일">
      <UniqueIdentifier>{67DA6AB6-F800-4c08-8B7A-83BB121AAD01}</UniqueIdentifier>
      <Extensions>rc;ico;cur;bmp;dlg;rc2;rct;bin;rgs;gif;jpg;jpeg;jpe;resx;tiff;tif;png;wav;mfcribbon-ms</Extensions>
    </Filter>
    <Filter Include="소스 파일\00.Main">
      <UniqueIdentifier>{74e8146e-bb9d-487a-b10b-41b29a5b8cea}</UniqueIdentifier>
    </Filter>
    <Filter Include="소스 파일\01.GameObject">
      <UniqueIdentifier>{4b39da53-ec1a-4110-a3f1-86dfd7dea71c}</UniqueIdentifier>
    </Filter>
    <Filter Include="소스 파일\02.MapObject">
      <UniqueIdentifier>{9095a2d7-75f2-481c-bb2d-6d890b4e3dbb}</UniqueIdentifier>
    </Filter>
    <Filter Include="소스 파일\03.Graphic_Device">
      <UniqueIdentifier>{f81a1e37-af49-4b9c-be74-da877ccf34ae}</UniqueIdentifier>
    </Filter>
    <Filter Include="소스 파일\04.Texture">
      <UniqueIdentifier>{579490a2-0771-478c-929d-4be23f22f7c3}</UniqueIdentifier>
    </Filter>
    <Filter Include="소스 파일\099.Default">
      <UniqueIdentifier>{f3f2c64d-d1c4-4e7c-bdd6-c8425c9251c5}</UniqueIdentifier>
    </Filter>
    <Filter Include="소스 파일\098.Managers">
      <UniqueIdentifier>{05bebd5a-ec43-470a-aeaa-e7722ec91f38}</UniqueIdentifier>
    </Filter>
    <Filter Include="소스 파일\098.Managers\00.ScrollManager">
      <UniqueIdentifier>{cefa7b42-6665-44d3-952e-47857cdfbcde}</UniqueIdentifier>
    </Filter>
    <Filter Include="소스 파일\098.Managers\01.ColliderManager">
      <UniqueIdentifier>{b3acad52-3026-46c5-9598-396ed06f9cde}</UniqueIdentifier>
    </Filter>
    <Filter Include="소스 파일\098.Managers\02.TimeManager">
      <UniqueIdentifier>{a30523be-0d43-4576-9e58-5a08e2f24eb9}</UniqueIdentifier>
    </Filter>
    <Filter Include="소스 파일\01.GameObject\00.GameObjectManager">
      <UniqueIdentifier>{9b9566b0-ddbe-4784-ac0b-22089b84594c}</UniqueIdentifier>
    </Filter>
    <Filter Include="소스 파일\01.GameObject\01.Player">
      <UniqueIdentifier>{6c2fbbf3-3911-490c-85e4-08cd168bcbe8}</UniqueIdentifier>
    </Filter>
    <Filter Include="소스 파일\02.MapObject\00.MapObjectManager">
      <UniqueIdentifier>{3b2d90f8-05aa-4a8d-a01e-e8930bf61c8f}</UniqueIdentifier>
    </Filter>
  </ItemGroup>
  <ItemGroup>
    <ClInclude Include="stdafx.h">
      <Filter>소스 파일\099.Default</Filter>
    </ClInclude>
    <ClInclude Include="Katana_Zero.h">
      <Filter>소스 파일\099.Default</Filter>
    </ClInclude>
    <ClInclude Include="targetver.h">
      <Filter>소스 파일\099.Default</Filter>
    </ClInclude>
    <ClInclude Include="Resource.h">
      <Filter>소스 파일\099.Default</Filter>
    </ClInclude>
    <ClInclude Include="Main.h">
      <Filter>소스 파일\00.Main</Filter>
    </ClInclude>
    <ClInclude Include="GameObject.h">
      <Filter>소스 파일\01.GameObject</Filter>
    </ClInclude>
    <ClInclude Include="Player.h">
      <Filter>소스 파일\01.GameObject\01.Player</Filter>
    </ClInclude>
    <ClInclude Include="GameObjectManager.h">
      <Filter>소스 파일\01.GameObject\00.GameObjectManager</Filter>
    </ClInclude>
  </ItemGroup>
  <ItemGroup>
    <ClCompile Include="stdafx.cpp">
      <Filter>소스 파일\099.Default</Filter>
    </ClCompile>
    <ClCompile Include="Katana_Zero.cpp">
      <Filter>소스 파일\099.Default</Filter>
    </ClCompile>
    <ClCompile Include="Main.cpp">
      <Filter>소스 파일\00.Main</Filter>
    </ClCompile>
    <ClCompile Include="GameObject.cpp">
      <Filter>소스 파일\01.GameObject</Filter>
    </ClCompile>
    <ClCompile Include="Player.cpp">
      <Filter>소스 파일\01.GameObject\01.Player</Filter>
    </ClCompile>
    <ClCompile Include="GameObjectManager.cpp">
      <Filter>소스 파일\01.GameObject\00.GameObjectManager</Filter>
    </ClCompile>
  </ItemGroup>
  <ItemGroup>
    <ResourceCompile Include="Katana_Zero.rc">
      <Filter>리소스 파일</Filter>
    </ResourceCompile>
  </ItemGroup>
  <ItemGroup>
    <Image Include="small.ico">
      <Filter>리소스 파일</Filter>
    </Image>
    <Image Include="Katana_Zero.ico">
      <Filter>리소스 파일</Filter>
    </Image>
  </ItemGroup>
  <ItemGroup>
    <Text Include="ReadMe.txt">
      <Filter>소스 파일\099.Default</Filter>
    </Text>
  </ItemGroup>
</Project>